
Microsoft Visual Studio Solution File, Format Version 12.00
# Visual Studio 15
VisualStudioVersion = 15.0.28307.757
MinimumVisualStudioVersion = 10.0.40219.1
Project("{B1E792BE-AA5F-4E3C-8C82-674BF9C0715B}") = "tcl_AdsObjects", "tcl_AdsObjects\tcl_AdsObjects.tsproj", "{C137996E-B756-4EEA-AEB2-C2AF17FCB896}"
EndProject
Global
	GlobalSection(SolutionConfigurationPlatforms) = preSolution
		Debug|TwinCAT CE7 (ARMV7) = Debug|TwinCAT CE7 (ARMV7)
		Debug|TwinCAT OS (ARMT2) = Debug|TwinCAT OS (ARMT2)
		Debug|TwinCAT RT (x64) = Debug|TwinCAT RT (x64)
		Debug|TwinCAT RT (x86) = Debug|TwinCAT RT (x86)
		Release|TwinCAT CE7 (ARMV7) = Release|TwinCAT CE7 (ARMV7)
		Release|TwinCAT OS (ARMT2) = Release|TwinCAT OS (ARMT2)
		Release|TwinCAT RT (x64) = Release|TwinCAT RT (x64)
		Release|TwinCAT RT (x86) = Release|TwinCAT RT (x86)
	EndGlobalSection
	GlobalSection(ProjectConfigurationPlatforms) = postSolution
		{C137996E-B756-4EEA-AEB2-C2AF17FCB896}.Debug|TwinCAT CE7 (ARMV7).ActiveCfg = Debug|TwinCAT CE7 (ARMV7)
		{C137996E-B756-4EEA-AEB2-C2AF17FCB896}.Debug|TwinCAT CE7 (ARMV7).Build.0 = Debug|TwinCAT CE7 (ARMV7)
		{C137996E-B756-4EEA-AEB2-C2AF17FCB896}.Debug|TwinCAT OS (ARMT2).ActiveCfg = Debug|TwinCAT OS (ARMT2)
		{C137996E-B756-4EEA-AEB2-C2AF17FCB896}.Debug|TwinCAT OS (ARMT2).Build.0 = Debug|TwinCAT OS (ARMT2)
		{C137996E-B756-4EEA-AEB2-C2AF17FCB896}.Debug|TwinCAT RT (x64).ActiveCfg = Debug|TwinCAT RT (x64)
		{C137996E-B756-4EEA-AEB2-C2AF17FCB896}.Debug|TwinCAT RT (x64).Build.0 = Debug|TwinCAT RT (x64)
		{C137996E-B756-4EEA-AEB2-C2AF17FCB896}.Debug|TwinCAT RT (x86).ActiveCfg = Debug|TwinCAT RT (x86)
		{C137996E-B756-4EEA-AEB2-C2AF17FCB896}.Debug|TwinCAT RT (x86).Build.0 = Debug|TwinCAT RT (x86)
		{C137996E-B756-4EEA-AEB2-C2AF17FCB896}.Release|TwinCAT CE7 (ARMV7).ActiveCfg = Release|TwinCAT CE7 (ARMV7)
		{C137996E-B756-4EEA-AEB2-C2AF17FCB896}.Release|TwinCAT CE7 (ARMV7).Build.0 = Release|TwinCAT CE7 (ARMV7)
		{C137996E-B756-4EEA-AEB2-C2AF17FCB896}.Release|TwinCAT OS (ARMT2).ActiveCfg = Release|TwinCAT OS (ARMT2)
		{C137996E-B756-4EEA-AEB2-C2AF17FCB896}.Release|TwinCAT OS (ARMT2).Build.0 = Release|TwinCAT OS (ARMT2)
		{C137996E-B756-4EEA-AEB2-C2AF17FCB896}.Release|TwinCAT RT (x64).ActiveCfg = Release|TwinCAT RT (x64)
		{C137996E-B756-4EEA-AEB2-C2AF17FCB896}.Release|TwinCAT RT (x64).Build.0 = Release|TwinCAT RT (x64)
		{C137996E-B756-4EEA-AEB2-C2AF17FCB896}.Release|TwinCAT RT (x86).ActiveCfg = Release|TwinCAT RT (x86)
		{C137996E-B756-4EEA-AEB2-C2AF17FCB896}.Release|TwinCAT RT (x86).Build.0 = Release|TwinCAT RT (x86)
		{3322EAE9-56BD-496C-92A7-C46962F7BBBA}.Debug|TwinCAT CE7 (ARMV7).ActiveCfg = Debug|TwinCAT CE7 (ARMV7)
		{3322EAE9-56BD-496C-92A7-C46962F7BBBA}.Debug|TwinCAT CE7 (ARMV7).Build.0 = Debug|TwinCAT CE7 (ARMV7)
		{3322EAE9-56BD-496C-92A7-C46962F7BBBA}.Debug|TwinCAT OS (ARMT2).ActiveCfg = Debug|TwinCAT OS (ARMT2)
		{3322EAE9-56BD-496C-92A7-C46962F7BBBA}.Debug|TwinCAT OS (ARMT2).Build.0 = Debug|TwinCAT OS (ARMT2)
		{3322EAE9-56BD-496C-92A7-C46962F7BBBA}.Debug|TwinCAT RT (x64).ActiveCfg = Debug|TwinCAT RT (x64)
		{3322EAE9-56BD-496C-92A7-C46962F7BBBA}.Debug|TwinCAT RT (x64).Build.0 = Debug|TwinCAT RT (x64)
		{3322EAE9-56BD-496C-92A7-C46962F7BBBA}.Debug|TwinCAT RT (x86).ActiveCfg = Debug|TwinCAT RT (x86)
		{3322EAE9-56BD-496C-92A7-C46962F7BBBA}.Debug|TwinCAT RT (x86).Build.0 = Debug|TwinCAT RT (x86)
		{3322EAE9-56BD-496C-92A7-C46962F7BBBA}.Release|TwinCAT CE7 (ARMV7).ActiveCfg = Release|TwinCAT CE7 (ARMV7)
		{3322EAE9-56BD-496C-92A7-C46962F7BBBA}.Release|TwinCAT CE7 (ARMV7).Build.0 = Release|TwinCAT CE7 (ARMV7)
		{3322EAE9-56BD-496C-92A7-C46962F7BBBA}.Release|TwinCAT OS (ARMT2).ActiveCfg = Release|TwinCAT OS (ARMT2)
		{3322EAE9-56BD-496C-92A7-C46962F7BBBA}.Release|TwinCAT OS (ARMT2).Build.0 = Release|TwinCAT OS (ARMT2)
		{3322EAE9-56BD-496C-92A7-C46962F7BBBA}.Release|TwinCAT RT (x64).ActiveCfg = Release|TwinCAT RT (x64)
		{3322EAE9-56BD-496C-92A7-C46962F7BBBA}.Release|TwinCAT RT (x86).ActiveCfg = Release|TwinCAT RT (x86)
		{3322EAE9-56BD-496C-92A7-C46962F7BBBA}.Release|TwinCAT RT (x86).Build.0 = Release|TwinCAT RT (x86)
		{EFC203D1-BEB6-4662-84BA-B0E37BB1A221}.Debug|TwinCAT CE7 (ARMV7).ActiveCfg = Debug|TwinCAT CE7 (ARMV7)
		{EFC203D1-BEB6-4662-84BA-B0E37BB1A221}.Debug|TwinCAT CE7 (ARMV7).Build.0 = Debug|TwinCAT CE7 (ARMV7)
		{EFC203D1-BEB6-4662-84BA-B0E37BB1A221}.Debug|TwinCAT OS (ARMT2).ActiveCfg = Debug|TwinCAT OS (ARMT2)
		{EFC203D1-BEB6-4662-84BA-B0E37BB1A221}.Debug|TwinCAT OS (ARMT2).Build.0 = Debug|TwinCAT OS (ARMT2)
		{EFC203D1-BEB6-4662-84BA-B0E37BB1A221}.Debug|TwinCAT RT (x64).ActiveCfg = Debug|TwinCAT RT (x64)
		{EFC203D1-BEB6-4662-84BA-B0E37BB1A221}.Debug|TwinCAT RT (x64).Build.0 = Debug|TwinCAT RT (x64)
		{EFC203D1-BEB6-4662-84BA-B0E37BB1A221}.Debug|TwinCAT RT (x86).ActiveCfg = Debug|TwinCAT RT (x86)
		{EFC203D1-BEB6-4662-84BA-B0E37BB1A221}.Debug|TwinCAT RT (x86).Build.0 = Debug|TwinCAT RT (x86)
		{EFC203D1-BEB6-4662-84BA-B0E37BB1A221}.Release|TwinCAT CE7 (ARMV7).ActiveCfg = Release|TwinCAT CE7 (ARMV7)
		{EFC203D1-BEB6-4662-84BA-B0E37BB1A221}.Release|TwinCAT CE7 (ARMV7).Build.0 = Release|TwinCAT CE7 (ARMV7)
		{EFC203D1-BEB6-4662-84BA-B0E37BB1A221}.Release|TwinCAT OS (ARMT2).ActiveCfg = Release|TwinCAT OS (ARMT2)
		{EFC203D1-BEB6-4662-84BA-B0E37BB1A221}.Release|TwinCAT OS (ARMT2).Build.0 = Release|TwinCAT OS (ARMT2)
		{EFC203D1-BEB6-4662-84BA-B0E37BB1A221}.Release|TwinCAT RT (x64).ActiveCfg = Release|TwinCAT RT (x64)
		{EFC203D1-BEB6-4662-84BA-B0E37BB1A221}.Release|TwinCAT RT (x64).Build.0 = Release|TwinCAT RT (x64)
		{EFC203D1-BEB6-4662-84BA-B0E37BB1A221}.Release|TwinCAT RT (x86).ActiveCfg = Release|TwinCAT RT (x86)
		{EFC203D1-BEB6-4662-84BA-B0E37BB1A221}.Release|TwinCAT RT (x86).Build.0 = Release|TwinCAT RT (x86)
	EndGlobalSection
	GlobalSection(SolutionProperties) = preSolution
		HideSolutionNode = FALSE
	EndGlobalSection
	GlobalSection(ExtensibilityGlobals) = postSolution
		SolutionGuid = {D586F02D-59C9-4453-A2FE-41154F2A944C}
	EndGlobalSection
EndGlobal
